Microsoft Visual Studio Solution File, Format Version 12.00
# Visual Studio Version 17
VisualStudioVersion = 17.7.34221.43
MinimumVisualStudioVersion = 10.0.40219.1
Project("{FAE04EC0-301F-11D3-BF4B-00C04F79EFBC}") = "day5+day6", "day5+day6\day5+day6.csproj", "{B7E2D4C5-9A8F-4B31-A6C2-D7F0E1A3B5C4}"
EndProject
Global
	GlobalSection(SolutionConfigurationPlatforms) = preSolution
		Debug|Any CPU = Debug|Any CPU
		Release|Any CPU = Release|Any CPU
	EndGlobalSection
	GlobalSection(ProjectConfigurationPlatforms) = postSolution
		{B7E2D4C5-9A8F-4B31-A6C2-D7F0E1A3B5C4}.Debug|Any CPU.ActiveCfg = Debug|Any CPU
		{B7E2D4C5-9A8F-4B31-A6C2-D7F0E1A3B5C4}.Debug|Any CPU.Build.0 = Debug|Any CPU
		{B7E2D4C5-9A8F-4B31-A6C2-D7F0E1A3B5C4}.Release|Any CPU.ActiveCfg = Release|Any CPU
		{B7E2D4C5-9A8F-4B31-A6C2-D7F0E1A3B5C4}.Release|Any CPU.Build.0 = Release|Any CPU
	EndGlobalSection
	GlobalSection(SolutionProperties) = preSolution
		HideSolutionNode = FALSE
	EndGlobalSection
	GlobalSection(ExtensibilityGlobals) = postSolution
		SolutionGuid = {C8A1D6E2-4B0F-4C7A-9D3E-F5A6B7C8D9E0}
	EndGlobalSection
EndGlobal
